# This file is automatically @generated by Cargo.
# It is not intended for manual editing.
version = 3

[[package]]
name = "any_vec"
version = "0.14.0"
source = "registry+https://github.com/rust-lang/crates.io-index"
checksum = "34cd60c5e3152cef0a592f1b296f1cc93715d89d2551d85315828c3a09575ff4"

[[package]]
name = "quartz"
version = "0.1.0"
dependencies = [
 "any_vec",
]
